<?xml version="1.0" encoding="utf-8"?>
<Project ToolsVersion="4.0" xmlns="http://schemas.microsoft.com/developer/msbuild/2003">
  <ItemGroup>
    <Filter Include="Assets">
      <UniqueIdentifier>d55d23b2-b240-41f2-9626-8a6ad9443d39</UniqueIdentifier>
      <Extensions>ico;cur;bmp;dds;dlg;fbx;rct;bin;rgs;gif;jpg;jpeg;jpe;resx;tga;tiff;tif;png;wav;mfcribbon-ms</Extensions>
    </Filter>
  </ItemGroup>
  <ItemGroup>
    <ClInclude Include="pch.h" />
    <ClInclude Include="Game.h" />
    <ClInclude Include="StepTimer.h" />
    <ClInclude Include="DebugCamera.h" />
    <ClInclude Include="Camera.h" />
    <ClInclude Include="FollowCamera.h" />
    <ClInclude Include="Obj3D.h" />
    <ClInclude Include="Character.h" />
    <ClInclude Include="Player.h" />
    <ClInclude Include="Enemy.h" />
  </ItemGroup>
  <ItemGroup>
    <ClCompile Include="pch.cpp" />
    <ClCompile Include="Game.cpp" />
    <ClCompile Include="Main.cpp" />
    <ClCompile Include="DebugCamera.cpp" />
    <ClCompile Include="Camera.cpp" />
    <ClCompile Include="FollowCamera.cpp" />
    <ClCompile Include="Obj3D.cpp" />
    <ClCompile Include="Character.cpp" />
    <ClCompile Include="Player.cpp" />
    <ClCompile Include="Enemy.cpp" />
  </ItemGroup>
  <ItemGroup>
    <ResourceCompile Include="resource.rc" />
  </ItemGroup>
  <ItemGroup>
    <Image Include="directx.ico">
      <Filter>Assets</Filter>
    </Image>
  </ItemGroup>
  <ItemGroup>
    <Manifest Include="settings.manifest">
      <Filter>Assets</Filter>
    </Manifest>
  </ItemGroup>
  <ItemGroup>
    <MeshContentTask Include="Assets\Ground1m.FBX">
      <Filter>Assets</Filter>
    </MeshContentTask>
    <MeshContentTask Include="Assets\Skydome.FBX">
      <Filter>Assets</Filter>
    </MeshContentTask>
    <MeshContentTask Include="Assets\Sphere.FBX">
      <Filter>Assets</Filter>
    </MeshContentTask>
    <MeshContentTask Include="Assets\Ground200m.FBX">
      <Filter>Assets</Filter>
    </MeshContentTask>
    <MeshContentTask Include="Assets\Teapot.FBX">
      <Filter>Assets</Filter>
    </MeshContentTask>
    <MeshContentTask Include="Assets\Head.FBX">
      <Filter>Assets</Filter>
    </MeshContentTask>
    <MeshContentTask Include="Assets\Leg.FBX">
      <Filter>Assets</Filter>
    </MeshContentTask>
    <MeshContentTask Include="Assets\Body.FBX">
      <Filter>Assets</Filter>
    </MeshContentTask>
  </ItemGroup>
</Project>