<?xml version="1.0" encoding="utf-8"?>
<Project ToolsVersion="4.0" xmlns="http://schemas.microsoft.com/developer/msbuild/2003">
  <ItemGroup>
    <Filter Include="Assets">
      <UniqueIdentifier>d55d23b2-b240-41f2-9626-8a6ad9443d39</UniqueIdentifier>
      <Extensions>ico;cur;bmp;dds;dlg;fbx;rct;bin;rgs;gif;jpg;jpeg;jpe;resx;tga;tiff;tif;png;wav;mfcribbon-ms</Extensions>
    </Filter>
    <Filter Include="Camera">
      <UniqueIdentifier>{eea9d235-5ea3-4b8b-9b05-4147f9422fb8}</UniqueIdentifier>
    </Filter>
    <Filter Include="Character">
      <UniqueIdentifier>{3ccfd679-fc3a-4367-b54a-15236b394d93}</UniqueIdentifier>
    </Filter>
    <Filter Include="Obj3D">
      <UniqueIdentifier>{476061ba-fbec-46a7-959b-9c9d0401ad47}</UniqueIdentifier>
    </Filter>
    <Filter Include="Collision">
      <UniqueIdentifier>{b1803831-b10c-4c34-a9dd-4cc71635dff8}</UniqueIdentifier>
    </Filter>
  </ItemGroup>
  <ItemGroup>
    <ClInclude Include="pch.h" />
    <ClInclude Include="Game.h" />
    <ClInclude Include="StepTimer.h" />
    <ClInclude Include="Camera.h">
      <Filter>Camera</Filter>
    </ClInclude>
    <ClInclude Include="Character.h">
      <Filter>Character</Filter>
    </ClInclude>
    <ClInclude Include="Player.h">
      <Filter>Character</Filter>
    </ClInclude>
    <ClInclude Include="Enemy.h">
      <Filter>Character</Filter>
    </ClInclude>
    <ClInclude Include="DebugCamera.h">
      <Filter>Camera</Filter>
    </ClInclude>
    <ClInclude Include="FollowCamera.h">
      <Filter>Camera</Filter>
    </ClInclude>
    <ClInclude Include="Obj3D.h">
      <Filter>Obj3D</Filter>
    </ClInclude>
    <ClInclude Include="Collision.h">
      <Filter>Collision</Filter>
    </ClInclude>
    <ClInclude Include="CollisionNode.h">
      <Filter>Collision</Filter>
    </ClInclude>
  </ItemGroup>
  <ItemGroup>
    <ClCompile Include="pch.cpp" />
    <ClCompile Include="Game.cpp" />
    <ClCompile Include="Main.cpp" />
    <ClCompile Include="Camera.cpp">
      <Filter>Camera</Filter>
    </ClCompile>
    <ClCompile Include="Character.cpp">
      <Filter>Character</Filter>
    </ClCompile>
    <ClCompile Include="Player.cpp">
      <Filter>Character</Filter>
    </ClCompile>
    <ClCompile Include="Enemy.cpp">
      <Filter>Character</Filter>
    </ClCompile>
    <ClCompile Include="DebugCamera.cpp">
      <Filter>Camera</Filter>
    </ClCompile>
    <ClCompile Include="FollowCamera.cpp">
      <Filter>Camera</Filter>
    </ClCompile>
    <ClCompile Include="Obj3D.cpp">
      <Filter>Obj3D</Filter>
    </ClCompile>
    <ClCompile Include="Collision.cpp">
      <Filter>Collision</Filter>
    </ClCompile>
    <ClCompile Include="CollisionNode.cpp">
      <Filter>Collision</Filter>
    </ClCompile>
  </ItemGroup>
  <ItemGroup>
    <ResourceCompile Include="resource.rc" />
  </ItemGroup>
  <ItemGroup>
    <Image Include="directx.ico">
      <Filter>Assets</Filter>
    </Image>
  </ItemGroup>
  <ItemGroup>
    <Manifest Include="settings.manifest">
      <Filter>Assets</Filter>
    </Manifest>
  </ItemGroup>
  <ItemGroup>
    <MeshContentTask Include="Assets\Ground1m.FBX">
      <Filter>Assets</Filter>
    </MeshContentTask>
    <MeshContentTask Include="Assets\Skydome.FBX">
      <Filter>Assets</Filter>
    </MeshContentTask>
    <MeshContentTask Include="Assets\Sphere.FBX">
      <Filter>Assets</Filter>
    </MeshContentTask>
    <MeshContentTask Include="Assets\Ground200m.FBX">
      <Filter>Assets</Filter>
    </MeshContentTask>
    <MeshContentTask Include="Assets\Teapot.FBX">
      <Filter>Assets</Filter>
    </MeshContentTask>
    <MeshContentTask Include="Assets\Head.FBX">
      <Filter>Assets</Filter>
    </MeshContentTask>
    <MeshContentTask Include="Assets\Leg.FBX">
      <Filter>Assets</Filter>
    </MeshContentTask>
    <MeshContentTask Include="Assets\Body.FBX">
      <Filter>Assets</Filter>
    </MeshContentTask>
    <MeshContentTask Include="Assets\SphereNode.FBX">
      <Filter>Assets</Filter>
    </MeshContentTask>
  </ItemGroup>
</Project>